// !$*UTF8*$!
{
	archiveVersion = 1;
	classes = {
	};
	objectVersion = 54;
	objects = {

/* Begin PBXBuildFile section */
		1FE347B1D7D89BB31DB7B1F0 /* SessionStore.swift in Sources */ = {isa = PBXBuildFile; fileRef = FAC4E978844A3142569FB38C /* SessionStore.swift */; };
		20060301A326C58E2BAEC4A8 /* AppDelegate.swift in Sources */ = {isa = PBXBuildFile; fileRef = 52ACB0A3B55F9AE6DA8C1085 /* AppDelegate.swift */; };
		2D0E4A400A36797DCC206BDE /* MusicPoller.swift in Sources */ = {isa = PBXBuildFile; fileRef = 454B02BB9C33CACE76D9ACA5 /* MusicPoller.swift */; };
		47F67FC8C34A81A37F1B4BB9 /* Assets.xcassets in Resources */ = {isa = PBXBuildFile; fileRef = 023ABCABE8E7A91F6BDF96D7 /* Assets.xcassets */; };
		88B78070B6B99914C418A9B0 /* ModelsTests.swift in Sources */ = {isa = PBXBuildFile; fileRef = 8AAD82035DE00B5D7FC0BF1C /* ModelsTests.swift */; };
		89823BA9D70710875E650506 /* LastFMClient.swift in Sources */ = {isa = PBXBuildFile; fileRef = FEB95410255C62AE8D55DFCA /* LastFMClient.swift */; };
		8FC358612835D51083120184 /* Secrets.swift in Sources */ = {isa = PBXBuildFile; fileRef = 56C43150CB8CA55ADBE6169E /* Secrets.swift */; };
		9BA8D1DA5F2F7488A60706DF /* main.swift in Sources */ = {isa = PBXBuildFile; fileRef = 468A3BB2E421C5DADEC519D7 /* main.swift */; };
		A332303E76FD746D691E4911 /* MenuController.swift in Sources */ = {isa = PBXBuildFile; fileRef = A5C47D37BEE816EB3B92B702 /* MenuController.swift */; };
		A685DD169109ECDC88FE780B /* LastFMSigningTests.swift in Sources */ = {isa = PBXBuildFile; fileRef = 7F5BB8E3FC9365C2CC5DEBB3 /* LastFMSigningTests.swift */; };
		B1AE462DA66ED51C40A22CC5 /* SessionStoreTests.swift in Sources */ = {isa = PBXBuildFile; fileRef = 339BEB413EFBCE51D1E6BDCC /* SessionStoreTests.swift */; };
		B8B1BA69683A1E9718C22AE5 /* ScrobbleEngine.swift in Sources */ = {isa = PBXBuildFile; fileRef = DB7A38D4726ED1F8916C781F /* ScrobbleEngine.swift */; };
		C22027246BC8640050B8D007 /* Models.swift in Sources */ = {isa = PBXBuildFile; fileRef = 4F223B618B8677FE78E3EEB3 /* Models.swift */; };
		D527431CB64D51D5E68F7F4B /* MusicPollerParserTests.swift in Sources */ = {isa = PBXBuildFile; fileRef = C5CDB918E51C94AC501C6F52 /* MusicPollerParserTests.swift */; };
		D9F9FB4FF7EFBF995F4693B6 /* LastFMClientTests.swift in Sources */ = {isa = PBXBuildFile; fileRef = 8182C69F82BE35436FB78D9D /* LastFMClientTests.swift */; };
		E70CC317F2A45BD7B2E0EF24 /* ScrobbleEngineTests.swift in Sources */ = {isa = PBXBuildFile; fileRef = DEB8F92076EC1A1E6866F38B /* ScrobbleEngineTests.swift */; };
/* End PBXBuildFile section */

/* Begin PBXContainerItemProxy section */
		33D8EF010668B8A05B5B397E /* PBXContainerItemProxy */ = {
			isa = PBXContainerItemProxy;
			containerPortal = 07642746765AC2DE19177850 /* Project object */;
			proxyType = 1;
			remoteGlobalIDString = D2E8974522596B4E7CBB652B;
			remoteInfo = Scrobbler;
		};
/* End PBXContainerItemProxy section */

/* Begin PBXFileReference section */
		023ABCABE8E7A91F6BDF96D7 /* Assets.xcassets */ = {isa = PBXFileReference; lastKnownFileType = folder.assetcatalog; path = Assets.xcassets; sourceTree = "<group>"; };
		339BEB413EFBCE51D1E6BDCC /* SessionStoreTests.swift */ = {isa = PBXFileReference; lastKnownFileType = sourcecode.swift; path = SessionStoreTests.swift; sourceTree = "<group>"; };
		454B02BB9C33CACE76D9ACA5 /* MusicPoller.swift */ = {isa = PBXFileReference; lastKnownFileType = sourcecode.swift; path = MusicPoller.swift; sourceTree = "<group>"; };
		468A3BB2E421C5DADEC519D7 /* main.swift */ = {isa = PBXFileReference; lastKnownFileType = sourcecode.swift; path = main.swift; sourceTree = "<group>"; };
		4F223B618B8677FE78E3EEB3 /* Models.swift */ = {isa = PBXFileReference; lastKnownFileType = sourcecode.swift; path = Models.swift; sourceTree = "<group>"; };
		51F860A0CE3B06A0096865C1 /* Scrobbler.app */ = {isa = PBXFileReference; explicitFileType = wrapper.application; includeInIndex = 0; path = Scrobbler.app; sourceTree = BUILT_PRODUCTS_DIR; };
		52ACB0A3B55F9AE6DA8C1085 /* AppDelegate.swift */ = {isa = PBXFileReference; lastKnownFileType = sourcecode.swift; path = AppDelegate.swift; sourceTree = "<group>"; };
		56C43150CB8CA55ADBE6169E /* Secrets.swift */ = {isa = PBXFileReference; lastKnownFileType = sourcecode.swift; path = Secrets.swift; sourceTree = "<group>"; };
		5E0F2520B3181AAB30874921 /* Info.plist */ = {isa = PBXFileReference; lastKnownFileType = text.plist; path = Info.plist; sourceTree = "<group>"; };
		7F5BB8E3FC9365C2CC5DEBB3 /* LastFMSigningTests.swift */ = {isa = PBXFileReference; lastKnownFileType = sourcecode.swift; path = LastFMSigningTests.swift; sourceTree = "<group>"; };
		8182C69F82BE35436FB78D9D /* LastFMClientTests.swift */ = {isa = PBXFileReference; lastKnownFileType = sourcecode.swift; path = LastFMClientTests.swift; sourceTree = "<group>"; };
		8AAD82035DE00B5D7FC0BF1C /* ModelsTests.swift */ = {isa = PBXFileReference; lastKnownFileType = sourcecode.swift; path = ModelsTests.swift; sourceTree = "<group>"; };
		A5C47D37BEE816EB3B92B702 /* MenuController.swift */ = {isa = PBXFileReference; lastKnownFileType = sourcecode.swift; path = MenuController.swift; sourceTree = "<group>"; };
		B646365CE261DCA9912C6A39 /* ScrobblerTests.xctest */ = {isa = PBXFileReference; explicitFileType = wrapper.cfbundle; includeInIndex = 0; path = ScrobblerTests.xctest; sourceTree = BUILT_PRODUCTS_DIR; };
		C5CDB918E51C94AC501C6F52 /* MusicPollerParserTests.swift */ = {isa = PBXFileReference; lastKnownFileType = sourcecode.swift; path = MusicPollerParserTests.swift; sourceTree = "<group>"; };
		DB7A38D4726ED1F8916C781F /* ScrobbleEngine.swift */ = {isa = PBXFileReference; lastKnownFileType = sourcecode.swift; path = ScrobbleEngine.swift; sourceTree = "<group>"; };
		DEB8F92076EC1A1E6866F38B /* ScrobbleEngineTests.swift */ = {isa = PBXFileReference; lastKnownFileType = sourcecode.swift; path = ScrobbleEngineTests.swift; sourceTree = "<group>"; };
		FAC4E978844A3142569FB38C /* SessionStore.swift */ = {isa = PBXFileReference; lastKnownFileType = sourcecode.swift; path = SessionStore.swift; sourceTree = "<group>"; };
		FEB95410255C62AE8D55DFCA /* LastFMClient.swift */ = {isa = PBXFileReference; lastKnownFileType = sourcecode.swift; path = LastFMClient.swift; sourceTree = "<group>"; };
/* End PBXFileReference section */

/* Begin PBXGroup section */
		52AFFEE419A70D86F459B6C6 /* ScrobblerTests */ = {
			isa = PBXGroup;
			children = (
				8182C69F82BE35436FB78D9D /* LastFMClientTests.swift */,
				7F5BB8E3FC9365C2CC5DEBB3 /* LastFMSigningTests.swift */,
				8AAD82035DE00B5D7FC0BF1C /* ModelsTests.swift */,
				C5CDB918E51C94AC501C6F52 /* MusicPollerParserTests.swift */,
				DEB8F92076EC1A1E6866F38B /* ScrobbleEngineTests.swift */,
				339BEB413EFBCE51D1E6BDCC /* SessionStoreTests.swift */,
			);
			path = ScrobblerTests;
			sourceTree = "<group>";
		};
		6097F745FEF8A869AC5B0F3D /* Products */ = {
			isa = PBXGroup;
			children = (
				51F860A0CE3B06A0096865C1 /* Scrobbler.app */,
				B646365CE261DCA9912C6A39 /* ScrobblerTests.xctest */,
			);
			name = Products;
			sourceTree = "<group>";
		};
		78E7C964FF398060401888E6 /* Scrobbler */ = {
			isa = PBXGroup;
			children = (
				52ACB0A3B55F9AE6DA8C1085 /* AppDelegate.swift */,
				023ABCABE8E7A91F6BDF96D7 /* Assets.xcassets */,
				5E0F2520B3181AAB30874921 /* Info.plist */,
				FEB95410255C62AE8D55DFCA /* LastFMClient.swift */,
				468A3BB2E421C5DADEC519D7 /* main.swift */,
				A5C47D37BEE816EB3B92B702 /* MenuController.swift */,
				4F223B618B8677FE78E3EEB3 /* Models.swift */,
				454B02BB9C33CACE76D9ACA5 /* MusicPoller.swift */,
				DB7A38D4726ED1F8916C781F /* ScrobbleEngine.swift */,
				56C43150CB8CA55ADBE6169E /* Secrets.swift */,
				FAC4E978844A3142569FB38C /* SessionStore.swift */,
			);
			path = Scrobbler;
			sourceTree = "<group>";
		};
		C4745CC688C10A90AC53627C = {
			isa = PBXGroup;
			children = (
				78E7C964FF398060401888E6 /* Scrobbler */,
				52AFFEE419A70D86F459B6C6 /* ScrobblerTests */,
				6097F745FEF8A869AC5B0F3D /* Products */,
			);
			sourceTree = "<group>";
		};
/* End PBXGroup section */

/* Begin PBXNativeTarget section */
		556C09990AB4208C21917353 /* ScrobblerTests */ = {
			isa = PBXNativeTarget;
			buildConfigurationList = 10B76EA42140B91A3AB2834B /* Build configuration list for PBXNativeTarget "ScrobblerTests" */;
			buildPhases = (
				14B2359173AC3FE1D5FD2CD5 /* Sources */,
			);
			buildRules = (
			);
			dependencies = (
				17465050D2C5FA9FDEB2F219 /* PBXTargetDependency */,
			);
			name = ScrobblerTests;
			productName = ScrobblerTests;
			productReference = B646365CE261DCA9912C6A39 /* ScrobblerTests.xctest */;
			productType = "com.apple.product-type.bundle.unit-test";
		};
		D2E8974522596B4E7CBB652B /* Scrobbler */ = {
			isa = PBXNativeTarget;
			buildConfigurationList = 9AE9CFEDC4B9962646D9876F /* Build configuration list for PBXNativeTarget "Scrobbler" */;
			buildPhases = (
				AFB754208F8811A3953450E6 /* Sources */,
				D0AAFA03EDC14A7C053C2D58 /* Resources */,
			);
			buildRules = (
			);
			dependencies = (
			);
			name = Scrobbler;
			productName = Scrobbler;
			productReference = 51F860A0CE3B06A0096865C1 /* Scrobbler.app */;
			productType = "com.apple.product-type.application";
		};
/* End PBXNativeTarget section */

/* Begin PBXProject section */
		07642746765AC2DE19177850 /* Project object */ = {
			isa = PBXProject;
			attributes = {
				BuildIndependentTargetsInParallel = YES;
				LastUpgradeCheck = 1430;
				TargetAttributes = {
					556C09990AB4208C21917353 = {
						ProvisioningStyle = Manual;
					};
					D2E8974522596B4E7CBB652B = {
						ProvisioningStyle = Manual;
					};
				};
			};
			buildConfigurationList = 54819823BDDC680796F21D60 /* Build configuration list for PBXProject "Scrobbler" */;
			compatibilityVersion = "Xcode 14.0";
			developmentRegion = en;
			hasScannedForEncodings = 0;
			knownRegions = (
				Base,
				en,
			);
			mainGroup = C4745CC688C10A90AC53627C;
			projectDirPath = "";
			projectRoot = "";
			targets = (
				D2E8974522596B4E7CBB652B /* Scrobbler */,
				556C09990AB4208C21917353 /* ScrobblerTests */,
			);
		};
/* End PBXProject section */

/* Begin PBXResourcesBuildPhase section */
		D0AAFA03EDC14A7C053C2D58 /* Resources */ = {
			isa = PBXResourcesBuildPhase;
			buildActionMask = 2147483647;
			files = (
				47F67FC8C34A81A37F1B4BB9 /* Assets.xcassets in Resources */,
			);
			runOnlyForDeploymentPostprocessing = 0;
		};
/* End PBXResourcesBuildPhase section */

/* Begin PBXSourcesBuildPhase section */
		14B2359173AC3FE1D5FD2CD5 /* Sources */ = {
			isa = PBXSourcesBuildPhase;
			buildActionMask = 2147483647;
			files = (
				D9F9FB4FF7EFBF995F4693B6 /* LastFMClientTests.swift in Sources */,
				A685DD169109ECDC88FE780B /* LastFMSigningTests.swift in Sources */,
				88B78070B6B99914C418A9B0 /* ModelsTests.swift in Sources */,
				D527431CB64D51D5E68F7F4B /* MusicPollerParserTests.swift in Sources */,
				E70CC317F2A45BD7B2E0EF24 /* ScrobbleEngineTests.swift in Sources */,
				B1AE462DA66ED51C40A22CC5 /* SessionStoreTests.swift in Sources */,
			);
			runOnlyForDeploymentPostprocessing = 0;
		};
		AFB754208F8811A3953450E6 /* Sources */ = {
			isa = PBXSourcesBuildPhase;
			buildActionMask = 2147483647;
			files = (
				20060301A326C58E2BAEC4A8 /* AppDelegate.swift in Sources */,
				89823BA9D70710875E650506 /* LastFMClient.swift in Sources */,
				A332303E76FD746D691E4911 /* MenuController.swift in Sources */,
				C22027246BC8640050B8D007 /* Models.swift in Sources */,
				2D0E4A400A36797DCC206BDE /* MusicPoller.swift in Sources */,
				B8B1BA69683A1E9718C22AE5 /* ScrobbleEngine.swift in Sources */,
				8FC358612835D51083120184 /* Secrets.swift in Sources */,
				1FE347B1D7D89BB31DB7B1F0 /* SessionStore.swift in Sources */,
				9BA8D1DA5F2F7488A60706DF /* main.swift in Sources */,
			);
			runOnlyForDeploymentPostprocessing = 0;
		};
/* End PBXSourcesBuildPhase section */

/* Begin PBXTargetDependency section */
		17465050D2C5FA9FDEB2F219 /* PBXTargetDependency */ = {
			isa = PBXTargetDependency;
			target = D2E8974522596B4E7CBB652B /* Scrobbler */;
			targetProxy = 33D8EF010668B8A05B5B397E /* PBXContainerItemProxy */;
		};
/* End PBXTargetDependency section */

/* Begin XCBuildConfiguration section */
		1DE78DF76638807C7C6EA74F /* Release */ = {
			isa = XCBuildConfiguration;
			buildSettings = {
				ASSETCATALOG_COMPILER_APPICON_NAME = AppIcon;
				CODE_SIGN_IDENTITY = "-";
				CODE_SIGN_STYLE = Manual;
				ENABLE_HARDENED_RUNTIME = NO;
				ENABLE_TESTABILITY = YES;
				INFOPLIST_FILE = Scrobbler/Info.plist;
				MACOSX_DEPLOYMENT_TARGET = 13.0;
				PRODUCT_BUNDLE_IDENTIFIER = com.tobybarnes.scrobbler;
				PRODUCT_NAME = Scrobbler;
				SWIFT_VERSION = 5.9;
			};
			name = Release;
		};
		3D8198FB43863F558E5F7548 /* Debug */ = {
			isa = XCBuildConfiguration;
			buildSettings = {
				BUNDLE_LOADER = "$(TEST_HOST)";
				CODE_SIGN_IDENTITY = "-";
				CODE_SIGN_STYLE = Manual;
				GENERATE_INFOPLIST_FILE = YES;
				MACOSX_DEPLOYMENT_TARGET = 13.0;
				PRODUCT_BUNDLE_IDENTIFIER = com.tobybarnes.scrobbler.tests;
				PRODUCT_NAME = ScrobblerTests;
				SWIFT_VERSION = 5.9;
				TEST_HOST = "$(BUILT_PRODUCTS_DIR)/Scrobbler.app/Contents/MacOS/Scrobbler";
			};
			name = Debug;
		};
		3FDA941B06CED70A08D1D8AA /* Debug */ = {
			isa = XCBuildConfiguration;
			buildSettings = {
				ASSETCATALOG_COMPILER_APPICON_NAME = AppIcon;
				CODE_SIGN_IDENTITY = "-";
				CODE_SIGN_STYLE = Manual;
				ENABLE_HARDENED_RUNTIME = NO;
				ENABLE_TESTABILITY = YES;
				INFOPLIST_FILE = Scrobbler/Info.plist;
				MACOSX_DEPLOYMENT_TARGET = 13.0;
				PRODUCT_BUNDLE_IDENTIFIER = com.tobybarnes.scrobbler;
				PRODUCT_NAME = Scrobbler;
				SWIFT_VERSION = 5.9;
			};
			name = Debug;
		};
		415A9C606090F1E0969AACBB /* Debug */ = {
			isa = XCBuildConfiguration;
			buildSettings = {
				MACOSX_DEPLOYMENT_TARGET = 13.0;
				SDKROOT = macosx;
			};
			name = Debug;
		};
		6F393D58FCF5351F9D60451A /* Release */ = {
			isa = XCBuildConfiguration;
			buildSettings = {
				MACOSX_DEPLOYMENT_TARGET = 13.0;
				SDKROOT = macosx;
			};
			name = Release;
		};
		CACEB4F8EDFFEA2F846334CF /* Release */ = {
			isa = XCBuildConfiguration;
			buildSettings = {
				BUNDLE_LOADER = "$(TEST_HOST)";
				CODE_SIGN_IDENTITY = "-";
				CODE_SIGN_STYLE = Manual;
				GENERATE_INFOPLIST_FILE = YES;
				MACOSX_DEPLOYMENT_TARGET = 13.0;
				PRODUCT_BUNDLE_IDENTIFIER = com.tobybarnes.scrobbler.tests;
				PRODUCT_NAME = ScrobblerTests;
				SWIFT_VERSION = 5.9;
				TEST_HOST = "$(BUILT_PRODUCTS_DIR)/Scrobbler.app/Contents/MacOS/Scrobbler";
			};
			name = Release;
		};
/* End XCBuildConfiguration section */

/* Begin XCConfigurationList section */
		10B76EA42140B91A3AB2834B /* Build configuration list for PBXNativeTarget "ScrobblerTests" */ = {
			isa = XCConfigurationList;
			buildConfigurations = (
				3D8198FB43863F558E5F7548 /* Debug */,
				CACEB4F8EDFFEA2F846334CF /* Release */,
			);
			defaultConfigurationIsVisible = 0;
			defaultConfigurationName = Debug;
		};
		54819823BDDC680796F21D60 /* Build configuration list for PBXProject "Scrobbler" */ = {
			isa = XCConfigurationList;
			buildConfigurations = (
				415A9C606090F1E0969AACBB /* Debug */,
				6F393D58FCF5351F9D60451A /* Release */,
			);
			defaultConfigurationIsVisible = 0;
			defaultConfigurationName = Debug;
		};
		9AE9CFEDC4B9962646D9876F /* Build configuration list for PBXNativeTarget "Scrobbler" */ = {
			isa = XCConfigurationList;
			buildConfigurations = (
				3FDA941B06CED70A08D1D8AA /* Debug */,
				1DE78DF76638807C7C6EA74F /* Release */,
			);
			defaultConfigurationIsVisible = 0;
			defaultConfigurationName = Debug;
		};
/* End XCConfigurationList section */
	};
	rootObject = 07642746765AC2DE19177850 /* Project object */;
}
